Microsoft Visual Studio Solution File, Format Version 12.00
# Visual Studio Version 17
VisualStudioVersion = 17.5.2.0
MinimumVisualStudioVersion = 10.0.40219.1
Project("{FAE04EC0-301F-11D3-BF4B-00C04F79EFBC}") = "teledoc_testovoe", "teledoc_testovoe.csproj", "{0990B275-8EDB-08D1-9EBD-31577AD3D4E2}"
EndProject
Global
	GlobalSection(SolutionConfigurationPlatforms) = preSolution
		Debug|Any CPU = Debug|Any CPU
		Release|Any CPU = Release|Any CPU
	EndGlobalSection
	GlobalSection(ProjectConfigurationPlatforms) = postSolution
		{0990B275-8EDB-08D1-9EBD-31577AD3D4E2}.Debug|Any CPU.ActiveCfg = Debug|Any CPU
		{0990B275-8EDB-08D1-9EBD-31577AD3D4E2}.Debug|Any CPU.Build.0 = Debug|Any CPU
		{0990B275-8EDB-08D1-9EBD-31577AD3D4E2}.Release|Any CPU.ActiveCfg = Release|Any CPU
		{0990B275-8EDB-08D1-9EBD-31577AD3D4E2}.Release|Any CPU.Build.0 = Release|Any CPU
	EndGlobalSection
	GlobalSection(SolutionProperties) = preSolution
		HideSolutionNode = FALSE
	EndGlobalSection
	GlobalSection(ExtensibilityGlobals) = postSolution
		SolutionGuid = {38D441E7-6C19-42F1-B733-FEDA734E871B}
	EndGlobalSection
EndGlobal
